
Microsoft Visual Studio Solution File, Format Version 12.00
# Visual Studio Version 16
VisualStudioVersion = 16.0.29424.173
MinimumVisualStudioVersion = 10.0.40219.1
Project("{9A19103F-16F7-4668-BE54-9A1E7A4F7556}") = "Pacman.WebServer", "Pacman.WebServer\Pacman.WebServer.csproj", "{E3C544DE-7909-4C13-8C17-088F8BB2FF5E}"
EndProject
Project("{9A19103F-16F7-4668-BE54-9A1E7A4F7556}") = "Pacman.WebAssembly", "Pacman.WebAssembly\Pacman.WebAssembly.csproj", "{D8BBB5B7-300F-46B6-A116-B87E71C8B314}"
EndProject
Project("{9A19103F-16F7-4668-BE54-9A1E7A4F7556}") = "Pacman.Components", "Pacman.Components\Pacman.Components.csproj", "{7C1ABB1E-3669-4564-896D-515B0FD1CDAC}"
EndProject
Global
	GlobalSection(SolutionConfigurationPlatforms) = preSolution
		Debug|Any CPU = Debug|Any CPU
		Release|Any CPU = Release|Any CPU
	EndGlobalSection
	GlobalSection(ProjectConfigurationPlatforms) = postSolution
		{E3C544DE-7909-4C13-8C17-088F8BB2FF5E}.Debug|Any CPU.ActiveCfg = Debug|Any CPU
		{E3C544DE-7909-4C13-8C17-088F8BB2FF5E}.Debug|Any CPU.Build.0 = Debug|Any CPU
		{E3C544DE-7909-4C13-8C17-088F8BB2FF5E}.Release|Any CPU.ActiveCfg = Release|Any CPU
		{E3C544DE-7909-4C13-8C17-088F8BB2FF5E}.Release|Any CPU.Build.0 = Release|Any CPU
		{D8BBB5B7-300F-46B6-A116-B87E71C8B314}.Debug|Any CPU.ActiveCfg = Debug|Any CPU
		{D8BBB5B7-300F-46B6-A116-B87E71C8B314}.Debug|Any CPU.Build.0 = Debug|Any CPU
		{D8BBB5B7-300F-46B6-A116-B87E71C8B314}.Release|Any CPU.ActiveCfg = Release|Any CPU
		{D8BBB5B7-300F-46B6-A116-B87E71C8B314}.Release|Any CPU.Build.0 = Release|Any CPU
		{7C1ABB1E-3669-4564-896D-515B0FD1CDAC}.Debug|Any CPU.ActiveCfg = Debug|Any CPU
		{7C1ABB1E-3669-4564-896D-515B0FD1CDAC}.Debug|Any CPU.Build.0 = Debug|Any CPU
		{7C1ABB1E-3669-4564-896D-515B0FD1CDAC}.Release|Any CPU.ActiveCfg = Release|Any CPU
		{7C1ABB1E-3669-4564-896D-515B0FD1CDAC}.Release|Any CPU.Build.0 = Release|Any CPU
	EndGlobalSection
	GlobalSection(SolutionProperties) = preSolution
		HideSolutionNode = FALSE
	EndGlobalSection
	GlobalSection(ExtensibilityGlobals) = postSolution
		SolutionGuid = {D69A48D1-387C-49DB-B925-9BA1CC1788EB}
	EndGlobalSection
EndGlobal
